
Microsoft Visual Studio Solution File, Format Version 12.00
# Visual Studio 2012
Project("{2150E333-8FDC-42A3-9474-1A3956D46DE8}") = "Apps.Base", "Apps.Base", "{3A5B6EBC-DA17-4DC6-84FB-D77F1F52DFA3}"
EndProject
Project("{2150E333-8FDC-42A3-9474-1A3956D46DE8}") = "Apps.Test", "Apps.Test", "{E2492987-1CA2-495D-B4C2-8D4842395DEE}"
EndProject
Project("{FAE04EC0-301F-11D3-BF4B-00C04F79EFBC}") = "Apps.BLL", "Apps.BLL\Apps.BLL.csproj", "{4F25C7BB-F2A3-4BF1-879F-B83B03102B90}"
EndProject
Project("{FAE04EC0-301F-11D3-BF4B-00C04F79EFBC}") = "Apps.IBLL", "Apps.IBLL\Apps.IBLL.csproj", "{5A428CAA-D6DA-41BE-8C1F-E9DF3627642B}"
EndProject
Project("{FAE04EC0-301F-11D3-BF4B-00C04F79EFBC}") = "Apps.DAL", "Apps.DAL\Apps.DAL.csproj", "{C07A5151-B91D-4062-B482-141010DDF010}"
EndProject
Project("{FAE04EC0-301F-11D3-BF4B-00C04F79EFBC}") = "Apps.IDAL", "Apps.IDAL\Apps.IDAL.csproj", "{E7C6B735-ACBC-4569-99B7-CF3AD59ECE26}"
EndProject
Project("{FAE04EC0-301F-11D3-BF4B-00C04F79EFBC}") = "Apps.Infrastructure", "Apps.Infrastructure\Apps.Infrastructure.csproj", "{6DDE8833-3E28-4CFF-A4E9-0B0B7E437CCA}"
EndProject
Project("{FAE04EC0-301F-11D3-BF4B-00C04F79EFBC}") = "Apps.Model", "Apps.Model\Apps.Model.csproj", "{8EE91EF1-CC42-4D06-85C9-5ED992C3CD7C}"
EndProject
Project("{FAE04EC0-301F-11D3-BF4B-00C04F79EFBC}") = "Apps.Con", "Apps.Con\Apps.Con.csproj", "{7D286DD1-5AF3-4557-9504-63AF3DE97777}"
EndProject
Project("{FAE04EC0-301F-11D3-BF4B-00C04F79EFBC}") = "Apps.Web", "Apps.Web\Apps.Web.csproj", "{C0AF46F8-D11D-4583-A02D-60A8D9349E56}"
EndProject
Project("{2150E333-8FDC-42A3-9474-1A3956D46DE8}") = "Apps.Common", "Apps.Common", "{AAD4FEB1-E1DD-4C24-BF4E-2FC1436353C7}"
EndProject
Project("{FAE04EC0-301F-11D3-BF4B-00C04F79EFBC}") = "Apps.Common", "Apps.Common\Apps.Common.csproj", "{723DF7F0-9610-44DC-94B0-7A5EE82F9407}"
EndProject
Global
	GlobalSection(SolutionConfigurationPlatforms) = preSolution
		Debug|Any CPU = Debug|Any CPU
		Release|Any CPU = Release|Any CPU
	EndGlobalSection
	GlobalSection(ProjectConfigurationPlatforms) = postSolution
		{4F25C7BB-F2A3-4BF1-879F-B83B03102B90}.Debug|Any CPU.ActiveCfg = Debug|Any CPU
		{4F25C7BB-F2A3-4BF1-879F-B83B03102B90}.Debug|Any CPU.Build.0 = Debug|Any CPU
		{4F25C7BB-F2A3-4BF1-879F-B83B03102B90}.Release|Any CPU.ActiveCfg = Release|Any CPU
		{4F25C7BB-F2A3-4BF1-879F-B83B03102B90}.Release|Any CPU.Build.0 = Release|Any CPU
		{5A428CAA-D6DA-41BE-8C1F-E9DF3627642B}.Debug|Any CPU.ActiveCfg = Debug|Any CPU
		{5A428CAA-D6DA-41BE-8C1F-E9DF3627642B}.Debug|Any CPU.Build.0 = Debug|Any CPU
		{5A428CAA-D6DA-41BE-8C1F-E9DF3627642B}.Release|Any CPU.ActiveCfg = Release|Any CPU
		{5A428CAA-D6DA-41BE-8C1F-E9DF3627642B}.Release|Any CPU.Build.0 = Release|Any CPU
		{C07A5151-B91D-4062-B482-141010DDF010}.Debug|Any CPU.ActiveCfg = Debug|Any CPU
		{C07A5151-B91D-4062-B482-141010DDF010}.Debug|Any CPU.Build.0 = Debug|Any CPU
		{C07A5151-B91D-4062-B482-141010DDF010}.Release|Any CPU.ActiveCfg = Release|Any CPU
		{C07A5151-B91D-4062-B482-141010DDF010}.Release|Any CPU.Build.0 = Release|Any CPU
		{E7C6B735-ACBC-4569-99B7-CF3AD59ECE26}.Debug|Any CPU.ActiveCfg = Debug|Any CPU
		{E7C6B735-ACBC-4569-99B7-CF3AD59ECE26}.Debug|Any CPU.Build.0 = Debug|Any CPU
		{E7C6B735-ACBC-4569-99B7-CF3AD59ECE26}.Release|Any CPU.ActiveCfg = Release|Any CPU
		{E7C6B735-ACBC-4569-99B7-CF3AD59ECE26}.Release|Any CPU.Build.0 = Release|Any CPU
		{6DDE8833-3E28-4CFF-A4E9-0B0B7E437CCA}.Debug|Any CPU.ActiveCfg = Debug|Any CPU
		{6DDE8833-3E28-4CFF-A4E9-0B0B7E437CCA}.Debug|Any CPU.Build.0 = Debug|Any CPU
		{6DDE8833-3E28-4CFF-A4E9-0B0B7E437CCA}.Release|Any CPU.ActiveCfg = Release|Any CPU
		{6DDE8833-3E28-4CFF-A4E9-0B0B7E437CCA}.Release|Any CPU.Build.0 = Release|Any CPU
		{8EE91EF1-CC42-4D06-85C9-5ED992C3CD7C}.Debug|Any CPU.ActiveCfg = Debug|Any CPU
		{8EE91EF1-CC42-4D06-85C9-5ED992C3CD7C}.Debug|Any CPU.Build.0 = Debug|Any CPU
		{8EE91EF1-CC42-4D06-85C9-5ED992C3CD7C}.Release|Any CPU.ActiveCfg = Release|Any CPU
		{8EE91EF1-CC42-4D06-85C9-5ED992C3CD7C}.Release|Any CPU.Build.0 = Release|Any CPU
		{7D286DD1-5AF3-4557-9504-63AF3DE97777}.Debug|Any CPU.ActiveCfg = Debug|Any CPU
		{7D286DD1-5AF3-4557-9504-63AF3DE97777}.Debug|Any CPU.Build.0 = Debug|Any CPU
		{7D286DD1-5AF3-4557-9504-63AF3DE97777}.Release|Any CPU.ActiveCfg = Release|Any CPU
		{7D286DD1-5AF3-4557-9504-63AF3DE97777}.Release|Any CPU.Build.0 = Release|Any CPU
		{C0AF46F8-D11D-4583-A02D-60A8D9349E56}.Debug|Any CPU.ActiveCfg = Debug|Any CPU
		{C0AF46F8-D11D-4583-A02D-60A8D9349E56}.Debug|Any CPU.Build.0 = Debug|Any CPU
		{C0AF46F8-D11D-4583-A02D-60A8D9349E56}.Release|Any CPU.ActiveCfg = Release|Any CPU
		{C0AF46F8-D11D-4583-A02D-60A8D9349E56}.Release|Any CPU.Build.0 = Release|Any CPU
		{723DF7F0-9610-44DC-94B0-7A5EE82F9407}.Debug|Any CPU.ActiveCfg = Debug|Any CPU
		{723DF7F0-9610-44DC-94B0-7A5EE82F9407}.Debug|Any CPU.Build.0 = Debug|Any CPU
		{723DF7F0-9610-44DC-94B0-7A5EE82F9407}.Release|Any CPU.ActiveCfg = Release|Any CPU
		{723DF7F0-9610-44DC-94B0-7A5EE82F9407}.Release|Any CPU.Build.0 = Release|Any CPU
	EndGlobalSection
	GlobalSection(SolutionProperties) = preSolution
		HideSolutionNode = FALSE
	EndGlobalSection
	GlobalSection(NestedProjects) = preSolution
		{4F25C7BB-F2A3-4BF1-879F-B83B03102B90} = {3A5B6EBC-DA17-4DC6-84FB-D77F1F52DFA3}
		{5A428CAA-D6DA-41BE-8C1F-E9DF3627642B} = {3A5B6EBC-DA17-4DC6-84FB-D77F1F52DFA3}
		{C07A5151-B91D-4062-B482-141010DDF010} = {3A5B6EBC-DA17-4DC6-84FB-D77F1F52DFA3}
		{E7C6B735-ACBC-4569-99B7-CF3AD59ECE26} = {3A5B6EBC-DA17-4DC6-84FB-D77F1F52DFA3}
		{6DDE8833-3E28-4CFF-A4E9-0B0B7E437CCA} = {3A5B6EBC-DA17-4DC6-84FB-D77F1F52DFA3}
		{8EE91EF1-CC42-4D06-85C9-5ED992C3CD7C} = {3A5B6EBC-DA17-4DC6-84FB-D77F1F52DFA3}
		{7D286DD1-5AF3-4557-9504-63AF3DE97777} = {E2492987-1CA2-495D-B4C2-8D4842395DEE}
		{C0AF46F8-D11D-4583-A02D-60A8D9349E56} = {E2492987-1CA2-495D-B4C2-8D4842395DEE}
		{723DF7F0-9610-44DC-94B0-7A5EE82F9407} = {AAD4FEB1-E1DD-4C24-BF4E-2FC1436353C7}
	EndGlobalSection
EndGlobal
